<Solution>
  <Folder Name="/agenda/">
    <File Path="agenda/agenda.docx" />
  </Folder>
  <Folder Name="/discussions/">
    <File Path="discussions/discussion.im.abstraction-extensibility.docx" />
    <File Path="discussions/discussion.im.day2.stp.draft-5.docx" />
    <File Path="discussions/discussion.im.day2.stp.draft-5.png" />
    <File Path="discussions/discussion.im.macs.autonomous-ready-stp.docx" />
    <File Path="discussions/discussion.im.macs.autonomous-ready-stp.png" />
    <File Path="discussions/discussion.im.macs.autonomous-ready-summary.docx" />
    <File Path="discussions/discussion.im.macs.autonomous-sdlc.docx" />
    <File Path="discussions/discussion.im.macs.autonomous-sdlc.png" />
    <File Path="discussions/discussion.im.macs.builder-core-directives.docx" />
    <File Path="discussions/discussion.im.macs.concept-2-construction.docx" />
    <File Path="discussions/discussion.im.macs.concept-2-construction.png" />
    <File Path="discussions/discussion.im.macs.execution-runtime.docx" />
    <File Path="discussions/discussion.im.macs.execution-runtime.png" />
    <File Path="discussions/discussion.im.macs.phases-1-10-draft-1.docx" />
    <File Path="discussions/discussion.im.macs.phases-ing-completed.docx" />
    <File Path="discussions/discussion.im.macs.poc-court-intake-rest.docx" />
    <File Path="discussions/discussion.im.macs.spec-engine.docx" />
    <File Path="discussions/discussion.im.macs.spec-engine.png" />
    <File Path="discussions/discussion.im.macs.stp-authoring.docx" />
    <File Path="discussions/discussion.islr1.construction_boundaries.docx" />
    <File Path="discussions/discussion.islr1.construction_boundaries.png" />
    <File Path="discussions/discussions.im.abstractions-extensibility.png" />
    <File Path="discussions/aletheia.architecture-asc-draft-1.png" />
    <File Path="discussions/aletheia.asc.phases-draft-1.png" />
    <File Path="discussions/aletheia.isl.presenting_release_1.docx" />
    <File Path="discussions/read-me-first.docx" />
  </Folder>
  <Folder Name="/docs/" />
  <Folder Name="/docs/concepts/" />
  <Folder Name="/docs/diagrams/" />
  <Folder Name="/examples/" />
  <Folder Name="/examples/minimal-spec/">
    <File Path="examples/minimal-spec/macs.specifications.v1.0.docx" />
  </Folder>
  <Folder Name="/experimental/" />
  <Folder Name="/reference/" />
  <Folder Name="/Solution Items/">
    <File Path="agenda/agenda.docx" />
    <File Path="README.md" />
  </Folder>
  <Folder Name="/specs/" />
  <Folder Name="/specs/isl releases/" />
  <Folder Name="/specs/isl releases/isl release 0/">
    <File Path="specs/isl releases/isl release 0/isl r0 - v0.0 ALETHEIA Specification Language.docx" />
    <File Path="specs/isl releases/isl release 0/isl r0 - v1.0 ASC Language.docx" />
    <File Path="specs/isl releases/isl release 0/isl r0 - v1.1 Canonical Semantic Model.docx" />
    <File Path="specs/isl releases/isl release 0/isl r0 - v1.2 ASC Execution Model.docx" />
    <File Path="specs/isl releases/isl release 0/isl r0 - v1.3 Specification Readiness Levels.docx" />
    <File Path="specs/isl releases/isl release 0/isl r0 - v1.4 The Traceability Model.docx" />
    <File Path="specs/isl releases/isl release 0/isl r0 - v1.5 The Construction Planning Model.docx" />
    <File Path="specs/isl releases/isl release 0/isl r0 - v1.6 The Tool Integration Model.docx" />
    <File Path="specs/isl releases/isl release 0/isl r0 - v1.7 The Governance and Control Model.docx" />
    <File Path="specs/isl releases/isl release 0/isl r0 - v2.0 The Platform Architecture Model.docx" />
    <File Path="specs/isl releases/isl release 0/isl r0 - v2.1 The Agent Collaboration Model.docx" />
    <File Path="specs/isl releases/isl release 0/isl r0 - v2.2 The State and Memory Model.docx" />
    <File Path="specs/isl releases/isl release 0/isl r0 - v2.3 The Artifact Repository Model.docx" />
    <File Path="specs/isl releases/isl release 0/isl r0 - v2.4 The Execution Runtime Model.docx" />
    <File Path="specs/isl releases/isl release 0/isl r0 - v2.5 The Model Integration and Abstraction Layer.docx" />
    <File Path="specs/isl releases/isl release 0/isl r0 - v2.6 The Observability and Telemetry Model.docx" />
    <File Path="specs/isl releases/isl release 0/isl r0 - v2.7 The Enterprise Deployment and Scaling Model.docx" />
    <File Path="specs/isl releases/isl release 0/isl r0 - v3.0 The Reference Implementation Architecture.docx" />
    <File Path="specs/isl releases/isl release 0/isl r0 - v3.1 The Reference Repository Layout and Service Topology.docx" />
    <File Path="specs/isl releases/isl release 0/isl r0 - v3.10 The Platform Security Architecture.docx" />
    <File Path="specs/isl releases/isl release 0/isl r0 - v3.2 The First Proof-of-Concept Construction Pipeline.docx" />
    <File Path="specs/isl releases/isl release 0/isl r0 - v3.3 The Minimal Autonomous Construction System (MACS).docx" />
    <File Path="specs/isl releases/isl release 0/isl r0 - v3.4 The Agent Implementation Model.docx" />
    <File Path="specs/isl releases/isl release 0/isl r0 - v3.5 The Runtime Orchestration Architecture.docx" />
    <File Path="specs/isl releases/isl release 0/isl r0 - v3.6 The Autonomous Development Loop.docx" />
    <File Path="specs/isl releases/isl release 0/isl r0 - v3.7 The Autonomous Software Development Lifecycle Model.docx" />
    <File Path="specs/isl releases/isl release 0/isl r0 - v3.8 The Model Interaction Protocol.docx" />
    <File Path="specs/isl releases/isl release 0/isl r0 - v3.9 The Tool Plugin Architecture.docx" />
    <File Path="specs/isl releases/isl release 0/isl r0 - v4.0 The ALETHEIA Platform Vision and Ecosystem.docx" />
  </Folder>
  <Folder Name="/specs/isl releases/isl release 1/">
    <File Path="specs/isl releases/isl release 1/isl r1 - v0.0 ALETHEIA Specification Language.md" />
    <File Path="specs/isl releases/isl release 1/isl r1 - v1.0 ASC Language.md" />
    <File Path="specs/isl releases/isl release 1/isl r1 - v1.1 Canonical Semantic Model.md" />
    <File Path="specs/isl releases/isl release 1/isl r1 - v1.2 ASC Execution Model.md" />
    <File Path="specs/isl releases/isl release 1/isl r1 - v1.3 Specification Readiness Levels.md" />
    <File Path="specs/isl releases/isl release 1/isl r1 - v1.4 The Traceability Model.md" />
    <File Path="specs/isl releases/isl release 1/isl r1 - v1.5 The Construction Planning Model.md" />
    <File Path="specs/isl releases/isl release 1/isl r1 - v1.6 The Tool Integration Model.md" />
    <File Path="specs/isl releases/isl release 1/isl r1 - v1.7 The Governance and Control Model.md" />
    <File Path="specs/isl releases/isl release 1/isl r1 - v2.0 The Platform Architecture Model.md" />
    <File Path="specs/isl releases/isl release 1/isl r1 - v2.1 The Agent Collaboration Model.md" />
    <File Path="specs/isl releases/isl release 1/isl r1 - v2.2 The State and Memory Model.md" />
    <File Path="specs/isl releases/isl release 1/isl r1 - v2.3 The Artifact Repository Model.md" />
    <File Path="specs/isl releases/isl release 1/isl r1 - v2.4 The Execution Runtime Model.md" />
    <File Path="specs/isl releases/isl release 1/isl r1 - v2.5 The Model Integration and Abstraction Layer.md" />
    <File Path="specs/isl releases/isl release 1/isl r1 - v2.6 The Observability and Telemetry Model.md" />
    <File Path="specs/isl releases/isl release 1/isl r1 - v2.7 The Enterprise Deployment and Scaling Model.md" />
    <File Path="specs/isl releases/isl release 1/isl r1 - v3.0 The Reference Implementation Architecture.md" />
    <File Path="specs/isl releases/isl release 1/isl r1 - v3.1 The Reference Repository Layout and Service Topology.md" />
    <File Path="specs/isl releases/isl release 1/isl r1 - v3.10 The Platform Security Architecture.md" />
    <File Path="specs/isl releases/isl release 1/isl r1 - v3.2 The First Proof-of-Concept Construction Pipeline.md" />
    <File Path="specs/isl releases/isl release 1/isl r1 - v3.3 The Minimal Autonomous Construction System (MACS).md" />
    <File Path="specs/isl releases/isl release 1/isl r1 - v3.4 The Agent Implementation Model.md" />
    <File Path="specs/isl releases/isl release 1/isl r1 - v3.5 The Runtime Orchestration Architecture.md" />
    <File Path="specs/isl releases/isl release 1/isl r1 - v3.6 The Autonomous Development Loop.md" />
    <File Path="specs/isl releases/isl release 1/isl r1 - v3.7 The Autonomous Software Development Lifecycle Model.md" />
    <File Path="specs/isl releases/isl release 1/isl r1 - v3.8 The Model Interaction Protocol.md" />
    <File Path="specs/isl releases/isl release 1/isl r1 - v3.9 The Tool Plugin Architecture.md" />
    <File Path="specs/isl releases/isl release 1/isl r1 - v4.0 The ALETHEIA Platform Vision and Ecosystem.md" />
  </Folder>
  <Folder Name="/specs/isl releases/isl release 2/">
    <File Path="specs/isl releases/isl release 2/isl r2 - v0.0 ALETHEIA Specification Language.md" />
    <File Path="specs/isl releases/isl release 2/isl r2 - v0.1 Schema and Conformance Artifact Model.md" />
    <File Path="specs/isl releases/isl release 2/isl r2 - v0.1.1 language schema.json" />
    <File Path="specs/isl releases/isl release 2/isl r2 - v0.1.2 canonical schema.json" />
    <File Path="specs/isl releases/isl release 2/isl r2 - v1.0 ASC Language.md" />
    <File Path="specs/isl releases/isl release 2/isl r2 - v1.1 Canonical Semantic Model.md" />
    <File Path="specs/isl releases/isl release 2/isl r2 - v1.2 ASC Execution Model.md" />
    <File Path="specs/isl releases/isl release 2/isl r2 - v1.3 Specification Readiness Levels.md" />
    <File Path="specs/isl releases/isl release 2/isl r2 - v1.4 The Traceability Model.md" />
    <File Path="specs/isl releases/isl release 2/isl r2 - v1.5 The Construction Planning Model.md" />
    <File Path="specs/isl releases/isl release 2/isl r2 - v1.6 The Tool Integration Model.md" />
    <File Path="specs/isl releases/isl release 2/isl r2 - v1.7 The Governance and Control Model.md" />
    <File Path="specs/isl releases/isl release 2/isl r2 - v1.8 The Reusable Asset and Construction Reuse Model.md" />
    <File Path="specs/isl releases/isl release 2/isl r2 - v2.0 The Platform Architecture Model.md" />
    <File Path="specs/isl releases/isl release 2/isl r2 - v2.1 The Agent Collaboration Model.md" />
    <File Path="specs/isl releases/isl release 2/isl r2 - v2.2 The State and Memory Model.md" />
    <File Path="specs/isl releases/isl release 2/isl r2 - v2.3 The Artifact Repository Model.md" />
    <File Path="specs/isl releases/isl release 2/isl r2 - v2.4 The Execution Runtime Model.md" />
    <File Path="specs/isl releases/isl release 2/isl r2 - v2.5 The Model Integration and Abstraction Layer.md" />
    <File Path="specs/isl releases/isl release 2/isl r2 - v2.6 The Observability and Telemetry Model.md" />
    <File Path="specs/isl releases/isl release 2/isl r2 - v2.7 The Enterprise Deployment and Scaling Model.md" />
    <File Path="specs/isl releases/isl release 2/isl r2 - v3.0 The Reference Implementation Architecture.md" />
    <File Path="specs/isl releases/isl release 2/isl r2 - v3.1 The Reference Repository Layout and Service Topology.md" />
    <File Path="specs/isl releases/isl release 2/isl r2 - v3.10 The Platform Security Architecture.md" />
    <File Path="specs/isl releases/isl release 2/isl r2 - v3.2 The Reference Construction Pipeline.md" />
    <File Path="specs/isl releases/isl release 2/isl r2 - v3.3 The Reference Construction Scenario.md" />
    <File Path="specs/isl releases/isl release 2/isl r2 - v3.4 The Agent Implementation Model.md" />
    <File Path="specs/isl releases/isl release 2/isl r2 - v3.5 The Runtime Orchestration Architecture.md" />
    <File Path="specs/isl releases/isl release 2/isl r2 - v3.6 The Autonomous Development Loop.md" />
    <File Path="specs/isl releases/isl release 2/isl r2 - v3.7 The Autonomous Software Development Lifecycle Model.md" />
    <File Path="specs/isl releases/isl release 2/isl r2 - v3.8 The Model Interaction Protocol.md" />
    <File Path="specs/isl releases/isl release 2/isl r2 - v3.9 The Tool Plugin Architecture.md" />
    <File Path="specs/isl releases/isl release 2/isl r2 - v4.0 The ALETHEIA Platform Vision and Ecosystem.md" />
  </Folder>
  <Folder Name="/specs/isl releases/isl release 3/">
    <File Path="specs/isl releases/isl release 3/isl r3 - Compact Guide.md" />
    <File Path="specs/isl releases/isl release 3/isl r3 - Companion - Human Oversight and Project Management.md" />
    <File Path="specs/isl releases/isl release 3/isl r3 - v0.0 ALETHEIA Specification Language.md" />
    <File Path="specs/isl releases/isl release 3/isl r3 - v0.1 Common Conventions.md" />
    <File Path="specs/isl releases/isl release 3/isl r3 - v0.2 Schema and Conformance Artifact Model.md" />
    <File Path="specs/isl releases/isl release 3/isl r3 - v0.3 Enterprise Project, Program, and Portfolio Integration.md" />
    <File Path="specs/isl releases/isl release 3/isl r3 - v1.0 The Specification Language.md" />
    <File Path="specs/isl releases/isl release 3/isl r3 - v1.1 The Canonical Semantic Model.md" />
    <File Path="specs/isl releases/isl release 3/isl r3 - v1.2 The Execution Model.md" />
    <File Path="specs/isl releases/isl release 3/isl r3 - v1.3 Readiness and Governance Model.md" />
    <File Path="specs/isl releases/isl release 3/isl r3 - v1.4 The Traceability Model.md" />
    <File Path="specs/isl releases/isl release 3/isl r3 - v1.5 Construction Planning and Reuse Model.md" />
    <File Path="specs/isl releases/isl release 3/isl r3 - v2.0 Platform Architecture and Execution Runtime.md" />
    <File Path="specs/isl releases/isl release 3/isl r3 - v2.1 Agent and Model Integration.md" />
    <File Path="specs/isl releases/isl release 3/isl r3 - v2.2 State, Memory, and Artifact Repository.md" />
    <File Path="specs/isl releases/isl release 3/isl r3 - v2.3 Observability, Telemetry, and Deployment.md" />
    <File Path="specs/isl releases/isl release 3/isl r3 - v3.0 Reference Implementation Architecture and Repository Layout.md" />
    <File Path="specs/isl releases/isl release 3/isl r3 - v3.1 Reference Construction Scenario.md" />
    <File Path="specs/isl releases/isl release 3/isl r3 - v3.2 Integration Components.md" />
    <File Path="specs/isl releases/isl release 3/isl r3 - v3.3 Runtime Orchestration and Autonomous Development Loop.md" />
    <File Path="specs/isl releases/isl release 3/isl r3 - v3.4 Autonomous SDLC and Platform Security.md" />
    <File Path="specs/isl releases/isl release 3/isl r3 - v4.0 Platform Vision and Ecosystem.md" />
    <File Path="specs/isl releases/isl release 3/isl-r3-canonical.schema.json" />
    <File Path="specs/isl releases/isl release 3/isl-r3-common.schema.json" />
    <File Path="specs/isl releases/isl release 3/isl-r3-enterprise.schema.json" />
    <File Path="specs/isl releases/isl release 3/isl-r3-language.schema.json" />
    <File Path="specs/isl releases/isl release 3/README.md" />
  </Folder>
</Solution>
